
Microsoft Visual Studio Solution File, Format Version 12.00
# Visual Studio Version 17
VisualStudioVersion = 17.14.36221.1 d17.14
MinimumVisualStudioVersion = 10.0.40219.1
Project("{FAE04EC0-301F-11D3-BF4B-00C04F79EFBC}") = "Rectorix.API", "Rectorix\Rectorix.API.csproj", "{7BF62197-345A-47B4-BCA7-79EC9431B3B8}"
EndProject
Project("{FAE04EC0-301F-11D3-BF4B-00C04F79EFBC}") = "Rectorix.Application", "Rectorix.Application\Rectorix.Application.csproj", "{E2AE648C-3569-424C-876D-D105F016563B}"
EndProject
Project("{FAE04EC0-301F-11D3-BF4B-00C04F79EFBC}") = "Rectorix.Domain", "Rectorix.Domain\Rectorix.Domain.csproj", "{EF3765D4-405D-4886-B858-A835CB4C2C2E}"
EndProject
Project("{FAE04EC0-301F-11D3-BF4B-00C04F79EFBC}") = "Rectorix.Infrastructure", "Rectorix.Infrastructure\Rectorix.Infrastructure.csproj", "{84CE9396-5BA7-4A08-B065-EAF2D1AAD9F2}"
EndProject
Project("{FAE04EC0-301F-11D3-BF4B-00C04F79EFBC}") = "Rectorix.Persistence", "Rectorix.Persistence\Rectorix.Persistence.csproj", "{9EEAB652-A871-4BCC-87F6-3EA67AE9CA1A}"
EndProject
Global
	GlobalSection(SolutionConfigurationPlatforms) = preSolution
		Debug|Any CPU = Debug|Any CPU
		Release|Any CPU = Release|Any CPU
	EndGlobalSection
	GlobalSection(ProjectConfigurationPlatforms) = postSolution
		{7BF62197-345A-47B4-BCA7-79EC9431B3B8}.Debug|Any CPU.ActiveCfg = Debug|Any CPU
		{7BF62197-345A-47B4-BCA7-79EC9431B3B8}.Debug|Any CPU.Build.0 = Debug|Any CPU
		{7BF62197-345A-47B4-BCA7-79EC9431B3B8}.Release|Any CPU.ActiveCfg = Release|Any CPU
		{7BF62197-345A-47B4-BCA7-79EC9431B3B8}.Release|Any CPU.Build.0 = Release|Any CPU
		{E2AE648C-3569-424C-876D-D105F016563B}.Debug|Any CPU.ActiveCfg = Debug|Any CPU
		{E2AE648C-3569-424C-876D-D105F016563B}.Debug|Any CPU.Build.0 = Debug|Any CPU
		{E2AE648C-3569-424C-876D-D105F016563B}.Release|Any CPU.ActiveCfg = Release|Any CPU
		{E2AE648C-3569-424C-876D-D105F016563B}.Release|Any CPU.Build.0 = Release|Any CPU
		{EF3765D4-405D-4886-B858-A835CB4C2C2E}.Debug|Any CPU.ActiveCfg = Debug|Any CPU
		{EF3765D4-405D-4886-B858-A835CB4C2C2E}.Debug|Any CPU.Build.0 = Debug|Any CPU
		{EF3765D4-405D-4886-B858-A835CB4C2C2E}.Release|Any CPU.ActiveCfg = Release|Any CPU
		{EF3765D4-405D-4886-B858-A835CB4C2C2E}.Release|Any CPU.Build.0 = Release|Any CPU
		{84CE9396-5BA7-4A08-B065-EAF2D1AAD9F2}.Debug|Any CPU.ActiveCfg = Debug|Any CPU
		{84CE9396-5BA7-4A08-B065-EAF2D1AAD9F2}.Debug|Any CPU.Build.0 = Debug|Any CPU
		{84CE9396-5BA7-4A08-B065-EAF2D1AAD9F2}.Release|Any CPU.ActiveCfg = Release|Any CPU
		{84CE9396-5BA7-4A08-B065-EAF2D1AAD9F2}.Release|Any CPU.Build.0 = Release|Any CPU
		{9EEAB652-A871-4BCC-87F6-3EA67AE9CA1A}.Debug|Any CPU.ActiveCfg = Debug|Any CPU
		{9EEAB652-A871-4BCC-87F6-3EA67AE9CA1A}.Debug|Any CPU.Build.0 = Debug|Any CPU
		{9EEAB652-A871-4BCC-87F6-3EA67AE9CA1A}.Release|Any CPU.ActiveCfg = Release|Any CPU
		{9EEAB652-A871-4BCC-87F6-3EA67AE9CA1A}.Release|Any CPU.Build.0 = Release|Any CPU
	EndGlobalSection
	GlobalSection(SolutionProperties) = preSolution
		HideSolutionNode = FALSE
	EndGlobalSection
	GlobalSection(ExtensibilityGlobals) = postSolution
		SolutionGuid = {560F0173-BDB1-4BED-A3B9-C9DC3EEEB9C9}
	EndGlobalSection
EndGlobal
